// !$*UTF8*$!
{
	archiveVersion = 1;
	classes = {
	};
	objectVersion = 50;
	objects = {

/* Begin PBXBuildFile section */
		008C0ADD24A97A570009FB1C /* AppDelegate.m in Sources */ = {isa = PBXBuildFile; fileRef = 008C0ADC24A97A570009FB1C /* AppDelegate.m */; };
		008C0AE024A97A570009FB1C /* SceneDelegate.m in Sources */ = {isa = PBXBuildFile; fileRef = 008C0ADF24A97A570009FB1C /* SceneDelegate.m */; };
		008C0AE324A97A570009FB1C /* ViewController.m in Sources */ = {isa = PBXBuildFile; fileRef = 008C0AE224A97A570009FB1C /* ViewController.m */; };
		008C0AE624A97A570009FB1C /* Main.storyboard in Resources */ = {isa = PBXBuildFile; fileRef = 008C0AE424A97A570009FB1C /* Main.storyboard */; };
		008C0AE824A97A590009FB1C /* Assets.xcassets in Resources */ = {isa = PBXBuildFile; fileRef = 008C0AE724A97A590009FB1C /* Assets.xcassets */; };
		008C0AEB24A97A590009FB1C /* LaunchScreen.storyboard in Resources */ = {isa = PBXBuildFile; fileRef = 008C0AE924A97A590009FB1C /* LaunchScreen.storyboard */; };
		008C0AEE24A97A590009FB1C /* main.m in Sources */ = {isa = PBXBuildFile; fileRef = 008C0AED24A97A590009FB1C /* main.m */; };
/* End PBXBuildFile section */

/* Begin PBXFileReference section */
		008C0AD824A97A570009FB1C /* RainbowText.app */ = {isa = PBXFileReference; explicitFileType = wrapper.application; includeInIndex = 0; path = RainbowText.app; sourceTree = BUILT_PRODUCTS_DIR; };
		008C0ADB24A97A570009FB1C /* AppDelegate.h */ = {isa = PBXFileReference; lastKnownFileType = sourcecode.c.h; path = AppDelegate.h; sourceTree = "<group>"; };
		008C0ADC24A97A570009FB1C /* AppDelegate.m */ = {isa = PBXFileReference; lastKnownFileType = sourcecode.c.objc; path = AppDelegate.m; sourceTree = "<group>"; };
		008C0ADE24A97A570009FB1C /* SceneDelegate.h */ = {isa = PBXFileReference; lastKnownFileType = sourcecode.c.h; path = SceneDelegate.h; sourceTree = "<group>"; };
		008C0ADF24A97A570009FB1C /* SceneDelegate.m */ = {isa = PBXFileReference; lastKnownFileType = sourcecode.c.objc; path = SceneDelegate.m; sourceTree = "<group>"; };
		008C0AE124A97A570009FB1C /* ViewController.h */ = {isa = PBXFileReference; lastKnownFileType = sourcecode.c.h; path = ViewController.h; sourceTree = "<group>"; };
		008C0AE224A97A570009FB1C /* ViewController.m */ = {isa = PBXFileReference; lastKnownFileType = sourcecode.c.objc; path = ViewController.m; sourceTree = "<group>"; };
		008C0AE524A97A570009FB1C /* Base */ = {isa = PBXFileReference; lastKnownFileType = file.storyboard; name = Base; path = Base.lproj/Main.storyboard; sourceTree = "<group>"; };
		008C0AE724A97A590009FB1C /* Assets.xcassets */ = {isa = PBXFileReference; lastKnownFileType = folder.assetcatalog; path = Assets.xcassets; sourceTree = "<group>"; };
		008C0AEA24A97A590009FB1C /* Base */ = {isa = PBXFileReference; lastKnownFileType = file.storyboard; name = Base; path = Base.lproj/LaunchScreen.storyboard; sourceTree = "<group>"; };
		008C0AEC24A97A590009FB1C /* Info.plist */ = {isa = PBXFileReference; lastKnownFileType = text.plist.xml; path = Info.plist; sourceTree = "<group>"; };
		008C0AED24A97A590009FB1C /* main.m */ = {isa = PBXFileReference; lastKnownFileType = sourcecode.c.objc; path = main.m; sourceTree = "<group>"; };
/* End PBXFileReference section */

/* Begin PBXFrameworksBuildPhase section */
		008C0AD524A97A570009FB1C /* Frameworks */ = {
			isa = PBXFrameworksBuildPhase;
			buildActionMask = 2147483647;
			files = (
			);
			runOnlyForDeploymentPostprocessing = 0;
		};
/* End PBXFrameworksBuildPhase section */

/* Begin PBXGroup section */
		008C0ACF24A97A570009FB1C = {
			isa = PBXGroup;
			children = (
				008C0ADA24A97A570009FB1C /* RainbowText */,
				008C0AD924A97A570009FB1C /* Products */,
			);
			sourceTree = "<group>";
		};
		008C0AD924A97A570009FB1C /* Products */ = {
			isa = PBXGroup;
			children = (
				008C0AD824A97A570009FB1C /* RainbowText.app */,
			);
			name = Products;
			sourceTree = "<group>";
		};
		008C0ADA24A97A570009FB1C /* RainbowText */ = {
			isa = PBXGroup;
			children = (
				008C0ADB24A97A570009FB1C /* AppDelegate.h */,
				008C0ADC24A97A570009FB1C /* AppDelegate.m */,
				008C0ADE24A97A570009FB1C /* SceneDelegate.h */,
				008C0ADF24A97A570009FB1C /* SceneDelegate.m */,
				008C0AE124A97A570009FB1C /* ViewController.h */,
				008C0AE224A97A570009FB1C /* ViewController.m */,
				008C0AE424A97A570009FB1C /* Main.storyboard */,
				008C0AE724A97A590009FB1C /* Assets.xcassets */,
				008C0AE924A97A590009FB1C /* LaunchScreen.storyboard */,
				008C0AEC24A97A590009FB1C /* Info.plist */,
				008C0AED24A97A590009FB1C /* main.m */,
			);
			path = RainbowText;
			sourceTree = "<group>";
		};
/* End PBXGroup section */

/* Begin PBXNativeTarget section */
		008C0AD724A97A570009FB1C /* RainbowText */ = {
			isa = PBXNativeTarget;
			buildConfigurationList = 008C0AF124A97A590009FB1C /* Build configuration list for PBXNativeTarget "RainbowText" */;
			buildPhases = (
				008C0AD424A97A570009FB1C /* Sources */,
				008C0AD524A97A570009FB1C /* Frameworks */,
				008C0AD624A97A570009FB1C /* Resources */,
			);
			buildRules = (
			);
			dependencies = (
			);
			name = RainbowText;
			productName = RainbowText;
			productReference = 008C0AD824A97A570009FB1C /* RainbowText.app */;
			productType = "com.apple.product-type.application";
		};
/* End PBXNativeTarget section */

/* Begin PBXProject section */
		008C0AD024A97A570009FB1C /* Project object */ = {
			isa = PBXProject;
			attributes = {
				LastUpgradeCheck = 1150;
				ORGANIZATIONNAME = "李畅";
				TargetAttributes = {
					008C0AD724A97A570009FB1C = {
						CreatedOnToolsVersion = 11.5;
					};
				};
			};
			buildConfigurationList = 008C0AD324A97A570009FB1C /* Build configuration list for PBXProject "RainbowText" */;
			compatibilityVersion = "Xcode 9.3";
			developmentRegion = en;
			hasScannedForEncodings = 0;
			knownRegions = (
				en,
				Base,
			);
			mainGroup = 008C0ACF24A97A570009FB1C;
			productRefGroup = 008C0AD924A97A570009FB1C /* Products */;
			projectDirPath = "";
			projectRoot = "";
			targets = (
				008C0AD724A97A570009FB1C /* RainbowText */,
			);
		};
/* End PBXProject section */

/* Begin PBXResourcesBuildPhase section */
		008C0AD624A97A570009FB1C /* Resources */ = {
			isa = PBXResourcesBuildPhase;
			buildActionMask = 2147483647;
			files = (
				008C0AEB24A97A590009FB1C /* LaunchScreen.storyboard in Resources */,
				008C0AE824A97A590009FB1C /* Assets.xcassets in Resources */,
				008C0AE624A97A570009FB1C /* Main.storyboard in Resources */,
			);
			runOnlyForDeploymentPostprocessing = 0;
		};
/* End PBXResourcesBuildPhase section */

/* Begin PBXSourcesBuildPhase section */
		008C0AD424A97A570009FB1C /* Sources */ = {
			isa = PBXSourcesBuildPhase;
			buildActionMask = 2147483647;
			files = (
				008C0AE324A97A570009FB1C /* ViewController.m in Sources */,
				008C0ADD24A97A570009FB1C /* AppDelegate.m in Sources */,
				008C0AEE24A97A590009FB1C /* main.m in Sources */,
				008C0AE024A97A570009FB1C /* SceneDelegate.m in Sources */,
			);
			runOnlyForDeploymentPostprocessing = 0;
		};
/* End PBXSourcesBuildPhase section */

/* Begin PBXVariantGroup section */
		008C0AE424A97A570009FB1C /* Main.storyboard */ = {
			isa = PBXVariantGroup;
			children = (
				008C0AE524A97A570009FB1C /* Base */,
			);
			name = Main.storyboard;
			sourceTree = "<group>";
		};
		008C0AE924A97A590009FB1C /* LaunchScreen.storyboard */ = {
			isa = PBXVariantGroup;
			children = (
				008C0AEA24A97A590009FB1C /* Base */,
			);
			name = LaunchScreen.storyboard;
			sourceTree = "<group>";
		};
/* End PBXVariantGroup section */

/* Begin XCBuildConfiguration section */
		008C0AEF24A97A590009FB1C /* Debug */ = {
			isa = XCBuildConfiguration;
			buildSettings = {
				ALWAYS_SEARCH_USER_PATHS = NO;
				CLANG_ANALYZER_NONNULL = YES;
				CLANG_ANALYZER_NUMBER_OBJECT_CONVERSION = YES_AGGRESSIVE;
				CLANG_CXX_LANGUAGE_STANDARD = "gnu++14";
				CLANG_CXX_LIBRARY = "libc++";
				CLANG_ENABLE_MODULES = YES;
				CLANG_ENABLE_OBJC_ARC = YES;
				CLANG_ENABLE_OBJC_WEAK = YES;
				CLANG_WARN_BLOCK_CAPTURE_AUTORELEASING = YES;
				CLANG_WARN_BOOL_CONVERSION = YES;
				CLANG_WARN_COMMA = YES;
				CLANG_WARN_CONSTANT_CONVERSION = YES;
				CLANG_WARN_DEPRECATED_OBJC_IMPLEMENTATIONS = YES;
				CLANG_WARN_DIRECT_OBJC_ISA_USAGE = YES_ERROR;
				CLANG_WARN_DOCUMENTATION_COMMENTS = YES;
				CLANG_WARN_EMPTY_BODY = YES;
				CLANG_WARN_ENUM_CONVERSION = YES;
				CLANG_WARN_INFINITE_RECURSION = YES;
				CLANG_WARN_INT_CONVERSION = YES;
				CLANG_WARN_NON_LITERAL_NULL_CONVERSION = YES;
				CLANG_WARN_OBJC_IMPLICIT_RETAIN_SELF = YES;
				CLANG_WARN_OBJC_LITERAL_CONVERSION = YES;
				CLANG_WARN_OBJC_ROOT_CLASS = YES_ERROR;
				CLANG_WARN_RANGE_LOOP_ANALYSIS = YES;
				CLANG_WARN_STRICT_PROTOTYPES = YES;
				CLANG_WARN_SUSPICIOUS_MOVE = YES;
				CLANG_WARN_UNGUARDED_AVAILABILITY = YES_AGGRESSIVE;
				CLANG_WARN_UNREACHABLE_CODE = YES;
				CLANG_WARN__DUPLICATE_METHOD_MATCH = YES;
				COPY_PHASE_STRIP = NO;
				DEBUG_INFORMATION_FORMAT = dwarf;
				ENABLE_STRICT_OBJC_MSGSEND = YES;
				ENABLE_TESTABILITY = YES;
				GCC_C_LANGUAGE_STANDARD = gnu11;
				GCC_DYNAMIC_NO_PIC = NO;
				GCC_NO_COMMON_BLOCKS = YES;
				GCC_OPTIMIZATION_LEVEL = 0;
				GCC_PREPROCESSOR_DEFINITIONS = (
					"DEBUG=1",
					"$(inherited)",
				);
				GCC_WARN_64_TO_32_BIT_CONVERSION = YES;
				GCC_WARN_ABOUT_RETURN_TYPE = YES_ERROR;
				GCC_WARN_UNDECLARED_SELECTOR = YES;
				GCC_WARN_UNINITIALIZED_AUTOS = YES_AGGRESSIVE;
				GCC_WARN_UNUSED_FUNCTION = YES;
				GCC_WARN_UNUSED_VARIABLE = YES;
				IPHONEOS_DEPLOYMENT_TARGET = 13.5;
				MTL_ENABLE_DEBUG_INFO = INCLUDE_SOURCE;
				MTL_FAST_MATH = YES;
				ONLY_ACTIVE_ARCH = YES;
				SDKROOT = iphoneos;
			};
			name = Debug;
		};
		008C0AF024A97A590009FB1C /* Release */ = {
			isa = XCBuildConfiguration;
			buildSettings = {
				ALWAYS_SEARCH_USER_PATHS = NO;
				CLANG_ANALYZER_NONNULL = YES;
				CLANG_ANALYZER_NUMBER_OBJECT_CONVERSION = YES_AGGRESSIVE;
				CLANG_CXX_LANGUAGE_STANDARD = "gnu++14";
				CLANG_CXX_LIBRARY = "libc++";
				CLANG_ENABLE_MODULES = YES;
				CLANG_ENABLE_OBJC_ARC = YES;
				CLANG_ENABLE_OBJC_WEAK = YES;
				CLANG_WARN_BLOCK_CAPTURE_AUTORELEASING = YES;
				CLANG_WARN_BOOL_CONVERSION = YES;
				CLANG_WARN_COMMA = YES;
				CLANG_WARN_CONSTANT_CONVERSION = YES;
				CLANG_WARN_DEPRECATED_OBJC_IMPLEMENTATIONS = YES;
				CLANG_WARN_DIRECT_OBJC_ISA_USAGE = YES_ERROR;
				CLANG_WARN_DOCUMENTATION_COMMENTS = YES;
				CLANG_WARN_EMPTY_BODY = YES;
				CLANG_WARN_ENUM_CONVERSION = YES;
				CLANG_WARN_INFINITE_RECURSION = YES;
				CLANG_WARN_INT_CONVERSION = YES;
				CLANG_WARN_NON_LITERAL_NULL_CONVERSION = YES;
				CLANG_WARN_OBJC_IMPLICIT_RETAIN_SELF = YES;
				CLANG_WARN_OBJC_LITERAL_CONVERSION = YES;
				CLANG_WARN_OBJC_ROOT_CLASS = YES_ERROR;
				CLANG_WARN_RANGE_LOOP_ANALYSIS = YES;
				CLANG_WARN_STRICT_PROTOTYPES = YES;
				CLANG_WARN_SUSPICIOUS_MOVE = YES;
				CLANG_WARN_UNGUARDED_AVAILABILITY = YES_AGGRESSIVE;
				CLANG_WARN_UNREACHABLE_CODE = YES;
				CLANG_WARN__DUPLICATE_METHOD_MATCH = YES;
				COPY_PHASE_STRIP = NO;
				DEBUG_INFORMATION_FORMAT = "dwarf-with-dsym";
				ENABLE_NS_ASSERTIONS = NO;
				ENABLE_STRICT_OBJC_MSGSEND = YES;
				GCC_C_LANGUAGE_STANDARD = gnu11;
				GCC_NO_COMMON_BLOCKS = YES;
				GCC_WARN_64_TO_32_BIT_CONVERSION = YES;
				GCC_WARN_ABOUT_RETURN_TYPE = YES_ERROR;
				GCC_WARN_UNDECLARED_SELECTOR = YES;
				GCC_WARN_UNINITIALIZED_AUTOS = YES_AGGRESSIVE;
				GCC_WARN_UNUSED_FUNCTION = YES;
				GCC_WARN_UNUSED_VARIABLE = YES;
				IPHONEOS_DEPLOYMENT_TARGET = 13.5;
				MTL_ENABLE_DEBUG_INFO = NO;
				MTL_FAST_MATH = YES;
				SDKROOT = iphoneos;
				VALIDATE_PRODUCT = YES;
			};
			name = Release;
		};
		008C0AF224A97A590009FB1C /* Debug */ = {
			isa = XCBuildConfiguration;
			buildSettings = {
				ASSETCATALOG_COMPILER_APPICON_NAME = AppIcon;
				CODE_SIGN_STYLE = Automatic;
				DEVELOPMENT_TEAM = 5F5FNAAQAJ;
				INFOPLIST_FILE = RainbowText/Info.plist;
				LD_RUNPATH_SEARCH_PATHS = (
					"$(inherited)",
					"@executable_path/Frameworks",
				);
				PRODUCT_BUNDLE_IDENTIFIER = changli.RainbowText;
				PRODUCT_NAME = "$(TARGET_NAME)";
				TARGETED_DEVICE_FAMILY = "1,2";
			};
			name = Debug;
		};
		008C0AF324A97A590009FB1C /* Release */ = {
			isa = XCBuildConfiguration;
			buildSettings = {
				ASSETCATALOG_COMPILER_APPICON_NAME = AppIcon;
				CODE_SIGN_STYLE = Automatic;
				DEVELOPMENT_TEAM = 5F5FNAAQAJ;
				INFOPLIST_FILE = RainbowText/Info.plist;
				LD_RUNPATH_SEARCH_PATHS = (
					"$(inherited)",
					"@executable_path/Frameworks",
				);
				PRODUCT_BUNDLE_IDENTIFIER = changli.RainbowText;
				PRODUCT_NAME = "$(TARGET_NAME)";
				TARGETED_DEVICE_FAMILY = "1,2";
			};
			name = Release;
		};
/* End XCBuildConfiguration section */

/* Begin XCConfigurationList section */
		008C0AD324A97A570009FB1C /* Build configuration list for PBXProject "RainbowText" */ = {
			isa = XCConfigurationList;
			buildConfigurations = (
				008C0AEF24A97A590009FB1C /* Debug */,
				008C0AF024A97A590009FB1C /* Release */,
			);
			defaultConfigurationIsVisible = 0;
			defaultConfigurationName = Release;
		};
		008C0AF124A97A590009FB1C /* Build configuration list for PBXNativeTarget "RainbowText" */ = {
			isa = XCConfigurationList;
			buildConfigurations = (
				008C0AF224A97A590009FB1C /* Debug */,
				008C0AF324A97A590009FB1C /* Release */,
			);
			defaultConfigurationIsVisible = 0;
			defaultConfigurationName = Release;
		};
/* End XCConfigurationList section */
	};
	rootObject = 008C0AD024A97A570009FB1C /* Project object */;
}
